
Microsoft Visual Studio Solution File, Format Version 12.00
# Visual Studio 2012
Project("{f2a71f9b-5d33-465a-a702-920d77279786}") = "GP.libs", "GP.libs\GP.libs.fsproj", "{8B1B6DEB-CB54-4C0D-BA3D-043B32D5B9D3}"
EndProject
Project("{f2a71f9b-5d33-465a-a702-920d77279786}") = "EvenOdd", "EvenOdd\EvenOdd.fsproj", "{E32F9D95-46D4-4A48-9813-E69D9EB7C914}"
EndProject
Project("{f2a71f9b-5d33-465a-a702-920d77279786}") = "RCN", "RCN\RCN.fsproj", "{E54E1935-D625-450A-B1B1-68A14EC0FA45}"
EndProject
Project("{2150E333-8FDC-42A3-9474-1A3956D46DE8}") = "Examples", "Examples", "{BC4403F6-7B4E-45D8-A45D-E6F54F4A62C3}"
EndProject
Project("{f2a71f9b-5d33-465a-a702-920d77279786}") = "Summation", "Summation\Summation.fsproj", "{A514B6E6-6C1C-421D-A93B-ED51909FA5D6}"
EndProject
Project("{f2a71f9b-5d33-465a-a702-920d77279786}") = "Multiplication", "Multiplication\Multiplication.fsproj", "{3E364695-DE6D-4800-8C02-2A2D06BCFFD2}"
EndProject
Project("{f2a71f9b-5d33-465a-a702-920d77279786}") = "Ackerman", "Ackerman\Ackerman.fsproj", "{5A138FE4-8AD0-4059-AB8B-0564B0A8F5F7}"
EndProject
Global
	GlobalSection(SolutionConfigurationPlatforms) = preSolution
		Debug|Any CPU = Debug|Any CPU
		Release|Any CPU = Release|Any CPU
	EndGlobalSection
	GlobalSection(ProjectConfigurationPlatforms) = postSolution
		{8B1B6DEB-CB54-4C0D-BA3D-043B32D5B9D3}.Debug|Any CPU.ActiveCfg = Debug|Any CPU
		{8B1B6DEB-CB54-4C0D-BA3D-043B32D5B9D3}.Debug|Any CPU.Build.0 = Debug|Any CPU
		{8B1B6DEB-CB54-4C0D-BA3D-043B32D5B9D3}.Release|Any CPU.ActiveCfg = Release|Any CPU
		{8B1B6DEB-CB54-4C0D-BA3D-043B32D5B9D3}.Release|Any CPU.Build.0 = Release|Any CPU
		{E32F9D95-46D4-4A48-9813-E69D9EB7C914}.Debug|Any CPU.ActiveCfg = Debug|Any CPU
		{E32F9D95-46D4-4A48-9813-E69D9EB7C914}.Debug|Any CPU.Build.0 = Debug|Any CPU
		{E32F9D95-46D4-4A48-9813-E69D9EB7C914}.Release|Any CPU.ActiveCfg = Release|Any CPU
		{E32F9D95-46D4-4A48-9813-E69D9EB7C914}.Release|Any CPU.Build.0 = Release|Any CPU
		{E54E1935-D625-450A-B1B1-68A14EC0FA45}.Debug|Any CPU.ActiveCfg = Debug|Any CPU
		{E54E1935-D625-450A-B1B1-68A14EC0FA45}.Debug|Any CPU.Build.0 = Debug|Any CPU
		{E54E1935-D625-450A-B1B1-68A14EC0FA45}.Release|Any CPU.ActiveCfg = Release|Any CPU
		{E54E1935-D625-450A-B1B1-68A14EC0FA45}.Release|Any CPU.Build.0 = Release|Any CPU
		{A514B6E6-6C1C-421D-A93B-ED51909FA5D6}.Debug|Any CPU.ActiveCfg = Debug|Any CPU
		{A514B6E6-6C1C-421D-A93B-ED51909FA5D6}.Debug|Any CPU.Build.0 = Debug|Any CPU
		{A514B6E6-6C1C-421D-A93B-ED51909FA5D6}.Release|Any CPU.ActiveCfg = Release|Any CPU
		{A514B6E6-6C1C-421D-A93B-ED51909FA5D6}.Release|Any CPU.Build.0 = Release|Any CPU
		{3E364695-DE6D-4800-8C02-2A2D06BCFFD2}.Debug|Any CPU.ActiveCfg = Debug|Any CPU
		{3E364695-DE6D-4800-8C02-2A2D06BCFFD2}.Debug|Any CPU.Build.0 = Debug|Any CPU
		{3E364695-DE6D-4800-8C02-2A2D06BCFFD2}.Release|Any CPU.ActiveCfg = Release|Any CPU
		{3E364695-DE6D-4800-8C02-2A2D06BCFFD2}.Release|Any CPU.Build.0 = Release|Any CPU
		{5A138FE4-8AD0-4059-AB8B-0564B0A8F5F7}.Debug|Any CPU.ActiveCfg = Debug|Any CPU
		{5A138FE4-8AD0-4059-AB8B-0564B0A8F5F7}.Debug|Any CPU.Build.0 = Debug|Any CPU
		{5A138FE4-8AD0-4059-AB8B-0564B0A8F5F7}.Release|Any CPU.ActiveCfg = Release|Any CPU
		{5A138FE4-8AD0-4059-AB8B-0564B0A8F5F7}.Release|Any CPU.Build.0 = Release|Any CPU
	EndGlobalSection
	GlobalSection(NestedProjects) = preSolution
		{E32F9D95-46D4-4A48-9813-E69D9EB7C914} = {BC4403F6-7B4E-45D8-A45D-E6F54F4A62C3}
		{E54E1935-D625-450A-B1B1-68A14EC0FA45} = {BC4403F6-7B4E-45D8-A45D-E6F54F4A62C3}
		{A514B6E6-6C1C-421D-A93B-ED51909FA5D6} = {BC4403F6-7B4E-45D8-A45D-E6F54F4A62C3}
		{3E364695-DE6D-4800-8C02-2A2D06BCFFD2} = {BC4403F6-7B4E-45D8-A45D-E6F54F4A62C3}
		{5A138FE4-8AD0-4059-AB8B-0564B0A8F5F7} = {BC4403F6-7B4E-45D8-A45D-E6F54F4A62C3}
	EndGlobalSection
EndGlobal
